
Microsoft Visual Studio Solution File, Format Version 12.00
# Visual Studio Version 17
VisualStudioVersion = 17.0.31903.59
MinimumVisualStudioVersion = 10.0.40219.1
Project("{2150E333-8FDC-42A3-9474-1A3956D46DE8}") = "Arrays", "Arrays", "{02EA681E-C7D8-13C7-8484-4AC65E1B71E8}"
EndProject
Project("{2150E333-8FDC-42A3-9474-1A3956D46DE8}") = "Coding", "Coding", "{E6EEBA93-B951-4CDD-958F-30ECA0B634FF}"
EndProject
Project("{2150E333-8FDC-42A3-9474-1A3956D46DE8}") = "Other", "Other", "{3C9A7FBF-CA91-416C-B724-6E55C77749D9}"
EndProject
Project("{2150E333-8FDC-42A3-9474-1A3956D46DE8}") = "Bytes", "Bytes", "{F17018DA-41CA-4BBE-9A53-8BB3A9E92BDF}"
EndProject
Project("{2150E333-8FDC-42A3-9474-1A3956D46DE8}") = "LinkedLists", "LinkedLists", "{6E8BC330-9266-4898-815B-2FBEF49C48C7}"
EndProject
Project("{2150E333-8FDC-42A3-9474-1A3956D46DE8}") = "Trees", "Trees", "{D538885F-0016-4A18-BEDC-622D118E43A9}"
EndProject
Project("{2150E333-8FDC-42A3-9474-1A3956D46DE8}") = "Graphs", "Graphs", "{8B336263-803A-462E-B13B-4C84AA1C5CAC}"
EndProject
Project("{FAE04EC0-301F-11D3-BF4B-00C04F79EFBC}") = "Models", "Graphs\Models\Models.csproj", "{0278602F-1397-BFA7-5203-5940597ACF1C}"
EndProject
Project("{FAE04EC0-301F-11D3-BF4B-00C04F79EFBC}") = "Trees", "Trees\Models\Trees.csproj", "{2E61F18E-8A48-260B-B25E-335A33A7A19A}"
EndProject
Project("{FAE04EC0-301F-11D3-BF4B-00C04F79EFBC}") = "BST", "Trees\BST\BST.csproj", "{EC7B68ED-F780-68B0-B5A6-B6860CCFCBCB}"
EndProject
Project("{FAE04EC0-301F-11D3-BF4B-00C04F79EFBC}") = "Traversal", "Trees\Traversal\Traversal.csproj", "{561AEFAE-8656-4762-37AA-99E7353F1066}"
EndProject
Project("{FAE04EC0-301F-11D3-BF4B-00C04F79EFBC}") = "BinaryTree", "Trees\BinaryTree\BinaryTree.csproj", "{E6801BEF-7E67-0B6E-ED68-3EC35A59482A}"
EndProject
Project("{FAE04EC0-301F-11D3-BF4B-00C04F79EFBC}") = "HashMap", "Arrays\HashMap\HashMap.csproj", "{1F2391EA-6310-01F5-48D0-89D46CE72B2E}"
EndProject
Project("{FAE04EC0-301F-11D3-BF4B-00C04F79EFBC}") = "Searching", "Arrays\Searching\Searching.csproj", "{4DC09B80-E1CA-BF0C-7A9E-FC34E0452600}"
EndProject
Project("{FAE04EC0-301F-11D3-BF4B-00C04F79EFBC}") = "SlidingWindow", "Arrays\SlidingWindow\SlidingWindow.csproj", "{FF082F31-911B-B939-BF07-680CADEC89C4}"
EndProject
Project("{FAE04EC0-301F-11D3-BF4B-00C04F79EFBC}") = "Sorting", "Arrays\Sorting\Sorting.csproj", "{C889CA13-7692-9792-7F4B-2E96BA2C005C}"
EndProject
Project("{FAE04EC0-301F-11D3-BF4B-00C04F79EFBC}") = "TwoPointers", "Arrays\TwoPointers\TwoPointers.csproj", "{492B3E83-918E-8886-7A2C-05F32302F969}"
EndProject
Project("{FAE04EC0-301F-11D3-BF4B-00C04F79EFBC}") = "Tests", "Graphs\Tests\Tests.csproj", "{3833E3C9-BB1D-45A4-9306-16D126585279}"
EndProject
Project("{FAE04EC0-301F-11D3-BF4B-00C04F79EFBC}") = "Coding", "Coding\Coding.csproj", "{B9687253-D827-AF5A-1EA8-995CAF52CC6D}"
EndProject
Project("{FAE04EC0-301F-11D3-BF4B-00C04F79EFBC}") = "Graphs", "Graphs\Graphs\Graphs.csproj", "{0F26F34E-B06F-728F-EA3A-CA27D99F7B32}"
EndProject
Project("{FAE04EC0-301F-11D3-BF4B-00C04F79EFBC}") = "Traversal", "Graphs\Traversal\Traversal.csproj", "{916B69AA-2C8D-EE1E-33CF-4DB4DFC9A13B}"
EndProject
Project("{FAE04EC0-301F-11D3-BF4B-00C04F79EFBC}") = "Tests", "Arrays\Tests\Tests.csproj", "{7BF54B79-D05F-4E4A-8269-3D4307C00C1B}"
EndProject
Project("{FAE04EC0-301F-11D3-BF4B-00C04F79EFBC}") = "PrefixSum", "Arrays\PrefixSum\PrefixSum.csproj", "{E3C33022-958E-43D5-B99B-8F745753D098}"
EndProject
Project("{FAE04EC0-301F-11D3-BF4B-00C04F79EFBC}") = "TypicalProblems", "Bytes\HasByte\TypicalProblems.csproj", "{77419EC2-39F4-4FF3-893C-AA52CA27EE7E}"
EndProject
Project("{FAE04EC0-301F-11D3-BF4B-00C04F79EFBC}") = "Coordinates", "Other\Coordinates\Coordinates.csproj", "{C2404914-E2A4-6638-A1FD-361919C8AC02}"
EndProject
Project("{FAE04EC0-301F-11D3-BF4B-00C04F79EFBC}") = "Sorting", "Other\Sorting\Sorting.csproj", "{FD24EF8E-9C9B-DAD8-6206-9DC702C486A7}"
EndProject
Project("{FAE04EC0-301F-11D3-BF4B-00C04F79EFBC}") = "Test", "Other\Test\Test.csproj", "{E01A28EF-D74B-4428-ABCF-990645DCD4C5}"
EndProject
Project("{FAE04EC0-301F-11D3-BF4B-00C04F79EFBC}") = "Tests", "LinkedList\Tests\Tests.csproj", "{8391329F-EDB4-4CA6-BC3D-7216AFA6BB77}"
EndProject
Project("{FAE04EC0-301F-11D3-BF4B-00C04F79EFBC}") = "TypicalProblems", "LinkedList\TypicalProblems\TypicalProblems.csproj", "{6B019749-AFEE-443A-91B2-A8733B6A32CE}"
EndProject
Project("{FAE04EC0-301F-11D3-BF4B-00C04F79EFBC}") = "Tests", "Bytes\Tests\Tests.csproj", "{E4B2219E-DA38-4D00-878C-7C27EA36B2B0}"
EndProject
Project("{FAE04EC0-301F-11D3-BF4B-00C04F79EFBC}") = "Queues", "Other\Queues\Queues.csproj", "{75A069CA-BF29-4056-932E-EF49E5D3878B}"
EndProject
Project("{FAE04EC0-301F-11D3-BF4B-00C04F79EFBC}") = "Stacks", "Other\Stacks\Stacks.csproj", "{C66A8CC5-7369-4668-90C7-C7C7B09AED1B}"
EndProject
Project("{FAE04EC0-301F-11D3-BF4B-00C04F79EFBC}") = "Intervals", "Other\Intervals\Intervals.csproj", "{600200E2-A7F2-4CA5-8CFA-2DF0D83FD0F7}"
EndProject
Project("{FAE04EC0-301F-11D3-BF4B-00C04F79EFBC}") = "BackTracking", "Other\BackTracking\BackTracking.csproj", "{A4CC083C-8345-4CC5-905B-EA2EC8BB2AF2}"
EndProject
Project("{FAE04EC0-301F-11D3-BF4B-00C04F79EFBC}") = "Math", "Arrays\Math\Math.csproj", "{6605F675-2040-41CB-8506-67B69FDA922A}"
EndProject
Global
	GlobalSection(SolutionConfigurationPlatforms) = preSolution
		Debug|Any CPU = Debug|Any CPU
		Release|Any CPU = Release|Any CPU
	EndGlobalSection
	GlobalSection(ProjectConfigurationPlatforms) = postSolution
		{0278602F-1397-BFA7-5203-5940597ACF1C}.Debug|Any CPU.ActiveCfg = Debug|Any CPU
		{0278602F-1397-BFA7-5203-5940597ACF1C}.Debug|Any CPU.Build.0 = Debug|Any CPU
		{0278602F-1397-BFA7-5203-5940597ACF1C}.Release|Any CPU.ActiveCfg = Release|Any CPU
		{0278602F-1397-BFA7-5203-5940597ACF1C}.Release|Any CPU.Build.0 = Release|Any CPU
		{2E61F18E-8A48-260B-B25E-335A33A7A19A}.Debug|Any CPU.ActiveCfg = Debug|Any CPU
		{2E61F18E-8A48-260B-B25E-335A33A7A19A}.Debug|Any CPU.Build.0 = Debug|Any CPU
		{2E61F18E-8A48-260B-B25E-335A33A7A19A}.Release|Any CPU.ActiveCfg = Release|Any CPU
		{2E61F18E-8A48-260B-B25E-335A33A7A19A}.Release|Any CPU.Build.0 = Release|Any CPU
		{EC7B68ED-F780-68B0-B5A6-B6860CCFCBCB}.Debug|Any CPU.ActiveCfg = Debug|Any CPU
		{EC7B68ED-F780-68B0-B5A6-B6860CCFCBCB}.Debug|Any CPU.Build.0 = Debug|Any CPU
		{EC7B68ED-F780-68B0-B5A6-B6860CCFCBCB}.Release|Any CPU.ActiveCfg = Release|Any CPU
		{EC7B68ED-F780-68B0-B5A6-B6860CCFCBCB}.Release|Any CPU.Build.0 = Release|Any CPU
		{561AEFAE-8656-4762-37AA-99E7353F1066}.Debug|Any CPU.ActiveCfg = Debug|Any CPU
		{561AEFAE-8656-4762-37AA-99E7353F1066}.Debug|Any CPU.Build.0 = Debug|Any CPU
		{561AEFAE-8656-4762-37AA-99E7353F1066}.Release|Any CPU.ActiveCfg = Release|Any CPU
		{561AEFAE-8656-4762-37AA-99E7353F1066}.Release|Any CPU.Build.0 = Release|Any CPU
		{E6801BEF-7E67-0B6E-ED68-3EC35A59482A}.Debug|Any CPU.ActiveCfg = Debug|Any CPU
		{E6801BEF-7E67-0B6E-ED68-3EC35A59482A}.Debug|Any CPU.Build.0 = Debug|Any CPU
		{E6801BEF-7E67-0B6E-ED68-3EC35A59482A}.Release|Any CPU.ActiveCfg = Release|Any CPU
		{E6801BEF-7E67-0B6E-ED68-3EC35A59482A}.Release|Any CPU.Build.0 = Release|Any CPU
		{1F2391EA-6310-01F5-48D0-89D46CE72B2E}.Debug|Any CPU.ActiveCfg = Debug|Any CPU
		{1F2391EA-6310-01F5-48D0-89D46CE72B2E}.Debug|Any CPU.Build.0 = Debug|Any CPU
		{1F2391EA-6310-01F5-48D0-89D46CE72B2E}.Release|Any CPU.ActiveCfg = Release|Any CPU
		{1F2391EA-6310-01F5-48D0-89D46CE72B2E}.Release|Any CPU.Build.0 = Release|Any CPU
		{4DC09B80-E1CA-BF0C-7A9E-FC34E0452600}.Debug|Any CPU.ActiveCfg = Debug|Any CPU
		{4DC09B80-E1CA-BF0C-7A9E-FC34E0452600}.Debug|Any CPU.Build.0 = Debug|Any CPU
		{4DC09B80-E1CA-BF0C-7A9E-FC34E0452600}.Release|Any CPU.ActiveCfg = Release|Any CPU
		{4DC09B80-E1CA-BF0C-7A9E-FC34E0452600}.Release|Any CPU.Build.0 = Release|Any CPU
		{FF082F31-911B-B939-BF07-680CADEC89C4}.Debug|Any CPU.ActiveCfg = Debug|Any CPU
		{FF082F31-911B-B939-BF07-680CADEC89C4}.Debug|Any CPU.Build.0 = Debug|Any CPU
		{FF082F31-911B-B939-BF07-680CADEC89C4}.Release|Any CPU.ActiveCfg = Release|Any CPU
		{FF082F31-911B-B939-BF07-680CADEC89C4}.Release|Any CPU.Build.0 = Release|Any CPU
		{C889CA13-7692-9792-7F4B-2E96BA2C005C}.Debug|Any CPU.ActiveCfg = Debug|Any CPU
		{C889CA13-7692-9792-7F4B-2E96BA2C005C}.Debug|Any CPU.Build.0 = Debug|Any CPU
		{C889CA13-7692-9792-7F4B-2E96BA2C005C}.Release|Any CPU.ActiveCfg = Release|Any CPU
		{C889CA13-7692-9792-7F4B-2E96BA2C005C}.Release|Any CPU.Build.0 = Release|Any CPU
		{492B3E83-918E-8886-7A2C-05F32302F969}.Debug|Any CPU.ActiveCfg = Debug|Any CPU
		{492B3E83-918E-8886-7A2C-05F32302F969}.Debug|Any CPU.Build.0 = Debug|Any CPU
		{492B3E83-918E-8886-7A2C-05F32302F969}.Release|Any CPU.ActiveCfg = Release|Any CPU
		{492B3E83-918E-8886-7A2C-05F32302F969}.Release|Any CPU.Build.0 = Release|Any CPU
		{3833E3C9-BB1D-45A4-9306-16D126585279}.Debug|Any CPU.ActiveCfg = Debug|Any CPU
		{3833E3C9-BB1D-45A4-9306-16D126585279}.Debug|Any CPU.Build.0 = Debug|Any CPU
		{3833E3C9-BB1D-45A4-9306-16D126585279}.Release|Any CPU.ActiveCfg = Release|Any CPU
		{3833E3C9-BB1D-45A4-9306-16D126585279}.Release|Any CPU.Build.0 = Release|Any CPU
		{B9687253-D827-AF5A-1EA8-995CAF52CC6D}.Debug|Any CPU.ActiveCfg = Debug|Any CPU
		{B9687253-D827-AF5A-1EA8-995CAF52CC6D}.Debug|Any CPU.Build.0 = Debug|Any CPU
		{B9687253-D827-AF5A-1EA8-995CAF52CC6D}.Release|Any CPU.ActiveCfg = Release|Any CPU
		{B9687253-D827-AF5A-1EA8-995CAF52CC6D}.Release|Any CPU.Build.0 = Release|Any CPU
		{0F26F34E-B06F-728F-EA3A-CA27D99F7B32}.Debug|Any CPU.ActiveCfg = Debug|Any CPU
		{0F26F34E-B06F-728F-EA3A-CA27D99F7B32}.Debug|Any CPU.Build.0 = Debug|Any CPU
		{0F26F34E-B06F-728F-EA3A-CA27D99F7B32}.Release|Any CPU.ActiveCfg = Release|Any CPU
		{0F26F34E-B06F-728F-EA3A-CA27D99F7B32}.Release|Any CPU.Build.0 = Release|Any CPU
		{916B69AA-2C8D-EE1E-33CF-4DB4DFC9A13B}.Debug|Any CPU.ActiveCfg = Debug|Any CPU
		{916B69AA-2C8D-EE1E-33CF-4DB4DFC9A13B}.Debug|Any CPU.Build.0 = Debug|Any CPU
		{916B69AA-2C8D-EE1E-33CF-4DB4DFC9A13B}.Release|Any CPU.ActiveCfg = Release|Any CPU
		{916B69AA-2C8D-EE1E-33CF-4DB4DFC9A13B}.Release|Any CPU.Build.0 = Release|Any CPU
		{7BF54B79-D05F-4E4A-8269-3D4307C00C1B}.Debug|Any CPU.ActiveCfg = Debug|Any CPU
		{7BF54B79-D05F-4E4A-8269-3D4307C00C1B}.Debug|Any CPU.Build.0 = Debug|Any CPU
		{7BF54B79-D05F-4E4A-8269-3D4307C00C1B}.Release|Any CPU.ActiveCfg = Release|Any CPU
		{7BF54B79-D05F-4E4A-8269-3D4307C00C1B}.Release|Any CPU.Build.0 = Release|Any CPU
		{E3C33022-958E-43D5-B99B-8F745753D098}.Debug|Any CPU.ActiveCfg = Debug|Any CPU
		{E3C33022-958E-43D5-B99B-8F745753D098}.Debug|Any CPU.Build.0 = Debug|Any CPU
		{E3C33022-958E-43D5-B99B-8F745753D098}.Release|Any CPU.ActiveCfg = Release|Any CPU
		{E3C33022-958E-43D5-B99B-8F745753D098}.Release|Any CPU.Build.0 = Release|Any CPU
		{77419EC2-39F4-4FF3-893C-AA52CA27EE7E}.Debug|Any CPU.ActiveCfg = Debug|Any CPU
		{77419EC2-39F4-4FF3-893C-AA52CA27EE7E}.Debug|Any CPU.Build.0 = Debug|Any CPU
		{77419EC2-39F4-4FF3-893C-AA52CA27EE7E}.Release|Any CPU.ActiveCfg = Release|Any CPU
		{77419EC2-39F4-4FF3-893C-AA52CA27EE7E}.Release|Any CPU.Build.0 = Release|Any CPU
		{C2404914-E2A4-6638-A1FD-361919C8AC02}.Debug|Any CPU.ActiveCfg = Debug|Any CPU
		{C2404914-E2A4-6638-A1FD-361919C8AC02}.Debug|Any CPU.Build.0 = Debug|Any CPU
		{C2404914-E2A4-6638-A1FD-361919C8AC02}.Release|Any CPU.ActiveCfg = Release|Any CPU
		{C2404914-E2A4-6638-A1FD-361919C8AC02}.Release|Any CPU.Build.0 = Release|Any CPU
		{FD24EF8E-9C9B-DAD8-6206-9DC702C486A7}.Debug|Any CPU.ActiveCfg = Debug|Any CPU
		{FD24EF8E-9C9B-DAD8-6206-9DC702C486A7}.Debug|Any CPU.Build.0 = Debug|Any CPU
		{FD24EF8E-9C9B-DAD8-6206-9DC702C486A7}.Release|Any CPU.ActiveCfg = Release|Any CPU
		{FD24EF8E-9C9B-DAD8-6206-9DC702C486A7}.Release|Any CPU.Build.0 = Release|Any CPU
		{E01A28EF-D74B-4428-ABCF-990645DCD4C5}.Debug|Any CPU.ActiveCfg = Debug|Any CPU
		{E01A28EF-D74B-4428-ABCF-990645DCD4C5}.Debug|Any CPU.Build.0 = Debug|Any CPU
		{E01A28EF-D74B-4428-ABCF-990645DCD4C5}.Release|Any CPU.ActiveCfg = Release|Any CPU
		{E01A28EF-D74B-4428-ABCF-990645DCD4C5}.Release|Any CPU.Build.0 = Release|Any CPU
		{8391329F-EDB4-4CA6-BC3D-7216AFA6BB77}.Debug|Any CPU.ActiveCfg = Debug|Any CPU
		{8391329F-EDB4-4CA6-BC3D-7216AFA6BB77}.Debug|Any CPU.Build.0 = Debug|Any CPU
		{8391329F-EDB4-4CA6-BC3D-7216AFA6BB77}.Release|Any CPU.ActiveCfg = Release|Any CPU
		{8391329F-EDB4-4CA6-BC3D-7216AFA6BB77}.Release|Any CPU.Build.0 = Release|Any CPU
		{6B019749-AFEE-443A-91B2-A8733B6A32CE}.Debug|Any CPU.ActiveCfg = Debug|Any CPU
		{6B019749-AFEE-443A-91B2-A8733B6A32CE}.Debug|Any CPU.Build.0 = Debug|Any CPU
		{6B019749-AFEE-443A-91B2-A8733B6A32CE}.Release|Any CPU.ActiveCfg = Release|Any CPU
		{6B019749-AFEE-443A-91B2-A8733B6A32CE}.Release|Any CPU.Build.0 = Release|Any CPU
		{E4B2219E-DA38-4D00-878C-7C27EA36B2B0}.Debug|Any CPU.ActiveCfg = Debug|Any CPU
		{E4B2219E-DA38-4D00-878C-7C27EA36B2B0}.Debug|Any CPU.Build.0 = Debug|Any CPU
		{E4B2219E-DA38-4D00-878C-7C27EA36B2B0}.Release|Any CPU.ActiveCfg = Release|Any CPU
		{E4B2219E-DA38-4D00-878C-7C27EA36B2B0}.Release|Any CPU.Build.0 = Release|Any CPU
		{75A069CA-BF29-4056-932E-EF49E5D3878B}.Debug|Any CPU.ActiveCfg = Debug|Any CPU
		{75A069CA-BF29-4056-932E-EF49E5D3878B}.Debug|Any CPU.Build.0 = Debug|Any CPU
		{75A069CA-BF29-4056-932E-EF49E5D3878B}.Release|Any CPU.ActiveCfg = Release|Any CPU
		{75A069CA-BF29-4056-932E-EF49E5D3878B}.Release|Any CPU.Build.0 = Release|Any CPU
		{C66A8CC5-7369-4668-90C7-C7C7B09AED1B}.Debug|Any CPU.ActiveCfg = Debug|Any CPU
		{C66A8CC5-7369-4668-90C7-C7C7B09AED1B}.Debug|Any CPU.Build.0 = Debug|Any CPU
		{C66A8CC5-7369-4668-90C7-C7C7B09AED1B}.Release|Any CPU.ActiveCfg = Release|Any CPU
		{C66A8CC5-7369-4668-90C7-C7C7B09AED1B}.Release|Any CPU.Build.0 = Release|Any CPU
		{600200E2-A7F2-4CA5-8CFA-2DF0D83FD0F7}.Debug|Any CPU.ActiveCfg = Debug|Any CPU
		{600200E2-A7F2-4CA5-8CFA-2DF0D83FD0F7}.Debug|Any CPU.Build.0 = Debug|Any CPU
		{600200E2-A7F2-4CA5-8CFA-2DF0D83FD0F7}.Release|Any CPU.ActiveCfg = Release|Any CPU
		{600200E2-A7F2-4CA5-8CFA-2DF0D83FD0F7}.Release|Any CPU.Build.0 = Release|Any CPU
		{A4CC083C-8345-4CC5-905B-EA2EC8BB2AF2}.Debug|Any CPU.ActiveCfg = Debug|Any CPU
		{A4CC083C-8345-4CC5-905B-EA2EC8BB2AF2}.Debug|Any CPU.Build.0 = Debug|Any CPU
		{A4CC083C-8345-4CC5-905B-EA2EC8BB2AF2}.Release|Any CPU.ActiveCfg = Release|Any CPU
		{A4CC083C-8345-4CC5-905B-EA2EC8BB2AF2}.Release|Any CPU.Build.0 = Release|Any CPU
		{6605F675-2040-41CB-8506-67B69FDA922A}.Debug|Any CPU.ActiveCfg = Debug|Any CPU
		{6605F675-2040-41CB-8506-67B69FDA922A}.Debug|Any CPU.Build.0 = Debug|Any CPU
		{6605F675-2040-41CB-8506-67B69FDA922A}.Release|Any CPU.ActiveCfg = Release|Any CPU
		{6605F675-2040-41CB-8506-67B69FDA922A}.Release|Any CPU.Build.0 = Release|Any CPU
	EndGlobalSection
	GlobalSection(SolutionProperties) = preSolution
		HideSolutionNode = FALSE
	EndGlobalSection
	GlobalSection(NestedProjects) = preSolution
		{0278602F-1397-BFA7-5203-5940597ACF1C} = {8B336263-803A-462E-B13B-4C84AA1C5CAC}
		{2E61F18E-8A48-260B-B25E-335A33A7A19A} = {D538885F-0016-4A18-BEDC-622D118E43A9}
		{EC7B68ED-F780-68B0-B5A6-B6860CCFCBCB} = {D538885F-0016-4A18-BEDC-622D118E43A9}
		{561AEFAE-8656-4762-37AA-99E7353F1066} = {D538885F-0016-4A18-BEDC-622D118E43A9}
		{E6801BEF-7E67-0B6E-ED68-3EC35A59482A} = {D538885F-0016-4A18-BEDC-622D118E43A9}
		{1F2391EA-6310-01F5-48D0-89D46CE72B2E} = {02EA681E-C7D8-13C7-8484-4AC65E1B71E8}
		{4DC09B80-E1CA-BF0C-7A9E-FC34E0452600} = {02EA681E-C7D8-13C7-8484-4AC65E1B71E8}
		{FF082F31-911B-B939-BF07-680CADEC89C4} = {02EA681E-C7D8-13C7-8484-4AC65E1B71E8}
		{C889CA13-7692-9792-7F4B-2E96BA2C005C} = {02EA681E-C7D8-13C7-8484-4AC65E1B71E8}
		{492B3E83-918E-8886-7A2C-05F32302F969} = {02EA681E-C7D8-13C7-8484-4AC65E1B71E8}
		{3833E3C9-BB1D-45A4-9306-16D126585279} = {8B336263-803A-462E-B13B-4C84AA1C5CAC}
		{B9687253-D827-AF5A-1EA8-995CAF52CC6D} = {E6EEBA93-B951-4CDD-958F-30ECA0B634FF}
		{0F26F34E-B06F-728F-EA3A-CA27D99F7B32} = {8B336263-803A-462E-B13B-4C84AA1C5CAC}
		{916B69AA-2C8D-EE1E-33CF-4DB4DFC9A13B} = {8B336263-803A-462E-B13B-4C84AA1C5CAC}
		{7BF54B79-D05F-4E4A-8269-3D4307C00C1B} = {02EA681E-C7D8-13C7-8484-4AC65E1B71E8}
		{E3C33022-958E-43D5-B99B-8F745753D098} = {02EA681E-C7D8-13C7-8484-4AC65E1B71E8}
		{77419EC2-39F4-4FF3-893C-AA52CA27EE7E} = {F17018DA-41CA-4BBE-9A53-8BB3A9E92BDF}
		{C2404914-E2A4-6638-A1FD-361919C8AC02} = {3C9A7FBF-CA91-416C-B724-6E55C77749D9}
		{FD24EF8E-9C9B-DAD8-6206-9DC702C486A7} = {3C9A7FBF-CA91-416C-B724-6E55C77749D9}
		{E01A28EF-D74B-4428-ABCF-990645DCD4C5} = {3C9A7FBF-CA91-416C-B724-6E55C77749D9}
		{8391329F-EDB4-4CA6-BC3D-7216AFA6BB77} = {6E8BC330-9266-4898-815B-2FBEF49C48C7}
		{6B019749-AFEE-443A-91B2-A8733B6A32CE} = {6E8BC330-9266-4898-815B-2FBEF49C48C7}
		{E4B2219E-DA38-4D00-878C-7C27EA36B2B0} = {F17018DA-41CA-4BBE-9A53-8BB3A9E92BDF}
		{75A069CA-BF29-4056-932E-EF49E5D3878B} = {3C9A7FBF-CA91-416C-B724-6E55C77749D9}
		{C66A8CC5-7369-4668-90C7-C7C7B09AED1B} = {3C9A7FBF-CA91-416C-B724-6E55C77749D9}
		{600200E2-A7F2-4CA5-8CFA-2DF0D83FD0F7} = {3C9A7FBF-CA91-416C-B724-6E55C77749D9}
		{A4CC083C-8345-4CC5-905B-EA2EC8BB2AF2} = {3C9A7FBF-CA91-416C-B724-6E55C77749D9}
		{6605F675-2040-41CB-8506-67B69FDA922A} = {02EA681E-C7D8-13C7-8484-4AC65E1B71E8}
	EndGlobalSection
	GlobalSection(ExtensibilityGlobals) = postSolution
		SolutionGuid = {4FF77FBE-C272-4BF4-B294-165E22887DAD}
	EndGlobalSection
EndGlobal
